
Microsoft Visual Studio Solution File, Format Version 12.00
# Visual Studio Version 17
VisualStudioVersion = 17.7.34202.233
MinimumVisualStudioVersion = 10.0.40219.1
Project("{9A19103F-16F7-4668-BE54-9A1E7A4F7556}") = "NewAutoCat", "NewAutoCat.csproj", "{2CCDA91D-1445-4E30-86B4-7213E9B4836B}"
EndProject
Project("{9A19103F-16F7-4668-BE54-9A1E7A4F7556}") = "DataAccess2", "..\DataAccess2\DataAccess2.csproj", "{0435987F-0DCA-4CAF-9B68-EEF1A9BD3BE1}"
EndProject
Project("{2150E333-8FDC-42A3-9474-1A3956D46DE8}") = "Элементы решения", "Элементы решения", "{0E1F7937-3230-44F0-A143-4DE99F15AC10}"
	ProjectSection(SolutionItems) = preProject
		.editorconfig = .editorconfig
	EndProjectSection
EndProject
Project("{FAE04EC0-301F-11D3-BF4B-00C04F79EFBC}") = "BlazorWebServer", "..\BlazorWebServer\BlazorWebServer.csproj", "{25443217-28E3-4BEB-AA33-67362583A118}"
EndProject
Global
	GlobalSection(SolutionConfigurationPlatforms) = preSolution
		Debug|Any CPU = Debug|Any CPU
		Release|Any CPU = Release|Any CPU
	EndGlobalSection
	GlobalSection(ProjectConfigurationPlatforms) = postSolution
		{2CCDA91D-1445-4E30-86B4-7213E9B4836B}.Debug|Any CPU.ActiveCfg = Debug|Any CPU
		{2CCDA91D-1445-4E30-86B4-7213E9B4836B}.Debug|Any CPU.Build.0 = Debug|Any CPU
		{2CCDA91D-1445-4E30-86B4-7213E9B4836B}.Release|Any CPU.ActiveCfg = Release|Any CPU
		{2CCDA91D-1445-4E30-86B4-7213E9B4836B}.Release|Any CPU.Build.0 = Release|Any CPU
		{0435987F-0DCA-4CAF-9B68-EEF1A9BD3BE1}.Debug|Any CPU.ActiveCfg = Debug|Any CPU
		{0435987F-0DCA-4CAF-9B68-EEF1A9BD3BE1}.Debug|Any CPU.Build.0 = Debug|Any CPU
		{0435987F-0DCA-4CAF-9B68-EEF1A9BD3BE1}.Release|Any CPU.ActiveCfg = Release|Any CPU
		{0435987F-0DCA-4CAF-9B68-EEF1A9BD3BE1}.Release|Any CPU.Build.0 = Release|Any CPU
		{25443217-28E3-4BEB-AA33-67362583A118}.Debug|Any CPU.ActiveCfg = Debug|Any CPU
		{25443217-28E3-4BEB-AA33-67362583A118}.Debug|Any CPU.Build.0 = Debug|Any CPU
		{25443217-28E3-4BEB-AA33-67362583A118}.Release|Any CPU.ActiveCfg = Release|Any CPU
		{25443217-28E3-4BEB-AA33-67362583A118}.Release|Any CPU.Build.0 = Release|Any CPU
	EndGlobalSection
	GlobalSection(SolutionProperties) = preSolution
		HideSolutionNode = FALSE
	EndGlobalSection
	GlobalSection(ExtensibilityGlobals) = postSolution
		SolutionGuid = {9837A8CD-CEFA-44F1-9049-1313378B7254}
	EndGlobalSection
EndGlobal
