
Microsoft Visual Studio Solution File, Format Version 12.00
# Visual Studio Version 17
VisualStudioVersion = 17.7.34202.233
MinimumVisualStudioVersion = 10.0.40219.1
Project("{9A19103F-16F7-4668-BE54-9A1E7A4F7556}") = "WebAutoCatalogApi", "WebAutoCatalogApi.csproj", "{22AEFA64-3036-4E60-8DEF-8A7D92997853}"
EndProject
Project("{FAE04EC0-301F-11D3-BF4B-00C04F79EFBC}") = "DataAccess", "..\DataAccess\DataAccess.csproj", "{A2042C94-EE3C-4F32-89F1-23038D363B65}"
EndProject
Global
	GlobalSection(SolutionConfigurationPlatforms) = preSolution
		Debug|Any CPU = Debug|Any CPU
		Release|Any CPU = Release|Any CPU
	EndGlobalSection
	GlobalSection(ProjectConfigurationPlatforms) = postSolution
		{22AEFA64-3036-4E60-8DEF-8A7D92997853}.Debug|Any CPU.ActiveCfg = Debug|Any CPU
		{22AEFA64-3036-4E60-8DEF-8A7D92997853}.Debug|Any CPU.Build.0 = Debug|Any CPU
		{22AEFA64-3036-4E60-8DEF-8A7D92997853}.Release|Any CPU.ActiveCfg = Release|Any CPU
		{22AEFA64-3036-4E60-8DEF-8A7D92997853}.Release|Any CPU.Build.0 = Release|Any CPU
		{A2042C94-EE3C-4F32-89F1-23038D363B65}.Debug|Any CPU.ActiveCfg = Debug|Any CPU
		{A2042C94-EE3C-4F32-89F1-23038D363B65}.Debug|Any CPU.Build.0 = Debug|Any CPU
		{A2042C94-EE3C-4F32-89F1-23038D363B65}.Release|Any CPU.ActiveCfg = Release|Any CPU
		{A2042C94-EE3C-4F32-89F1-23038D363B65}.Release|Any CPU.Build.0 = Release|Any CPU
	EndGlobalSection
	GlobalSection(SolutionProperties) = preSolution
		HideSolutionNode = FALSE
	EndGlobalSection
	GlobalSection(ExtensibilityGlobals) = postSolution
		SolutionGuid = {D86B3C50-76D0-4557-BF6B-791CC7022EE1}
	EndGlobalSection
EndGlobal
